// !$*UTF8*$!
{
	archiveVersion = 1;
	classes = {
	};
	objectVersion = 50;
	objects = {

/* Begin PBXBuildFile section */
		10AB531D2593302B0013AFB9 /* AppDelegate.swift in Sources */ = {isa = PBXBuildFile; fileRef = 10AB531C2593302B0013AFB9 /* AppDelegate.swift */; };
		10AB531F2593302B0013AFB9 /* SceneDelegate.swift in Sources */ = {isa = PBXBuildFile; fileRef = 10AB531E2593302B0013AFB9 /* SceneDelegate.swift */; };
		10AB53212593302B0013AFB9 /* ViewController.swift in Sources */ = {isa = PBXBuildFile; fileRef = 10AB53202593302B0013AFB9 /* ViewController.swift */; };
		10AB53242593302B0013AFB9 /* Main.storyboard in Resources */ = {isa = PBXBuildFile; fileRef = 10AB53222593302B0013AFB9 /* Main.storyboard */; };
		10AB5326259330310013AFB9 /* Assets.xcassets in Resources */ = {isa = PBXBuildFile; fileRef = 10AB5325259330310013AFB9 /* Assets.xcassets */; };
		10AB5329259330310013AFB9 /* LaunchScreen.storyboard in Resources */ = {isa = PBXBuildFile; fileRef = 10AB5327259330310013AFB9 /* LaunchScreen.storyboard */; };
		10AB5334259330310013AFB9 /* DinDinnChallengeTests.swift in Sources */ = {isa = PBXBuildFile; fileRef = 10AB5333259330310013AFB9 /* DinDinnChallengeTests.swift */; };
		10AB533F259330310013AFB9 /* DinDinnChallengeUITests.swift in Sources */ = {isa = PBXBuildFile; fileRef = 10AB533E259330310013AFB9 /* DinDinnChallengeUITests.swift */; };
/* End PBXBuildFile section */

/* Begin PBXContainerItemProxy section */
		10AB5330259330310013AFB9 /* PBXContainerItemProxy */ = {
			isa = PBXContainerItemProxy;
			containerPortal = 10AB53112593302B0013AFB9 /* Project object */;
			proxyType = 1;
			remoteGlobalIDString = 10AB53182593302B0013AFB9;
			remoteInfo = DinDinnChallenge;
		};
		10AB533B259330310013AFB9 /* PBXContainerItemProxy */ = {
			isa = PBXContainerItemProxy;
			containerPortal = 10AB53112593302B0013AFB9 /* Project object */;
			proxyType = 1;
			remoteGlobalIDString = 10AB53182593302B0013AFB9;
			remoteInfo = DinDinnChallenge;
		};
/* End PBXContainerItemProxy section */

/* Begin PBXFileReference section */
		10AB53192593302B0013AFB9 /* DinDinnChallenge.app */ = {isa = PBXFileReference; explicitFileType = wrapper.application; includeInIndex = 0; path = DinDinnChallenge.app; sourceTree = BUILT_PRODUCTS_DIR; };
		10AB531C2593302B0013AFB9 /* AppDelegate.swift */ = {isa = PBXFileReference; lastKnownFileType = sourcecode.swift; path = AppDelegate.swift; sourceTree = "<group>"; };
		10AB531E2593302B0013AFB9 /* SceneDelegate.swift */ = {isa = PBXFileReference; lastKnownFileType = sourcecode.swift; path = SceneDelegate.swift; sourceTree = "<group>"; };
		10AB53202593302B0013AFB9 /* ViewController.swift */ = {isa = PBXFileReference; lastKnownFileType = sourcecode.swift; path = ViewController.swift; sourceTree = "<group>"; };
		10AB53232593302B0013AFB9 /* Base */ = {isa = PBXFileReference; lastKnownFileType = file.storyboard; name = Base; path = Base.lproj/Main.storyboard; sourceTree = "<group>"; };
		10AB5325259330310013AFB9 /* Assets.xcassets */ = {isa = PBXFileReference; lastKnownFileType = folder.assetcatalog; path = Assets.xcassets; sourceTree = "<group>"; };
		10AB5328259330310013AFB9 /* Base */ = {isa = PBXFileReference; lastKnownFileType = file.storyboard; name = Base; path = Base.lproj/LaunchScreen.storyboard; sourceTree = "<group>"; };
		10AB532A259330310013AFB9 /* Info.plist */ = {isa = PBXFileReference; lastKnownFileType = text.plist.xml; path = Info.plist; sourceTree = "<group>"; };
		10AB532F259330310013AFB9 /* DinDinnChallengeTests.xctest */ = {isa = PBXFileReference; explicitFileType = wrapper.cfbundle; includeInIndex = 0; path = DinDinnChallengeTests.xctest; sourceTree = BUILT_PRODUCTS_DIR; };
		10AB5333259330310013AFB9 /* DinDinnChallengeTests.swift */ = {isa = PBXFileReference; lastKnownFileType = sourcecode.swift; path = DinDinnChallengeTests.swift; sourceTree = "<group>"; };
		10AB5335259330310013AFB9 /* Info.plist */ = {isa = PBXFileReference; lastKnownFileType = text.plist.xml; path = Info.plist; sourceTree = "<group>"; };
		10AB533A259330310013AFB9 /* DinDinnChallengeUITests.xctest */ = {isa = PBXFileReference; explicitFileType = wrapper.cfbundle; includeInIndex = 0; path = DinDinnChallengeUITests.xctest; sourceTree = BUILT_PRODUCTS_DIR; };
		10AB533E259330310013AFB9 /* DinDinnChallengeUITests.swift */ = {isa = PBXFileReference; lastKnownFileType = sourcecode.swift; path = DinDinnChallengeUITests.swift; sourceTree = "<group>"; };
		10AB5340259330310013AFB9 /* Info.plist */ = {isa = PBXFileReference; lastKnownFileType = text.plist.xml; path = Info.plist; sourceTree = "<group>"; };
/* End PBXFileReference section */

/* Begin PBXFrameworksBuildPhase section */
		10AB53162593302B0013AFB9 /* Frameworks */ = {
			isa = PBXFrameworksBuildPhase;
			buildActionMask = 2147483647;
			files = (
			);
			runOnlyForDeploymentPostprocessing = 0;
		};
		10AB532C259330310013AFB9 /* Frameworks */ = {
			isa = PBXFrameworksBuildPhase;
			buildActionMask = 2147483647;
			files = (
			);
			runOnlyForDeploymentPostprocessing = 0;
		};
		10AB5337259330310013AFB9 /* Frameworks */ = {
			isa = PBXFrameworksBuildPhase;
			buildActionMask = 2147483647;
			files = (
			);
			runOnlyForDeploymentPostprocessing = 0;
		};
/* End PBXFrameworksBuildPhase section */

/* Begin PBXGroup section */
		10AB53102593302B0013AFB9 = {
			isa = PBXGroup;
			children = (
				10AB531B2593302B0013AFB9 /* DinDinnChallenge */,
				10AB5332259330310013AFB9 /* DinDinnChallengeTests */,
				10AB533D259330310013AFB9 /* DinDinnChallengeUITests */,
				10AB531A2593302B0013AFB9 /* Products */,
			);
			sourceTree = "<group>";
		};
		10AB531A2593302B0013AFB9 /* Products */ = {
			isa = PBXGroup;
			children = (
				10AB53192593302B0013AFB9 /* DinDinnChallenge.app */,
				10AB532F259330310013AFB9 /* DinDinnChallengeTests.xctest */,
				10AB533A259330310013AFB9 /* DinDinnChallengeUITests.xctest */,
			);
			name = Products;
			sourceTree = "<group>";
		};
		10AB531B2593302B0013AFB9 /* DinDinnChallenge */ = {
			isa = PBXGroup;
			children = (
				10AB531C2593302B0013AFB9 /* AppDelegate.swift */,
				10AB531E2593302B0013AFB9 /* SceneDelegate.swift */,
				10AB53202593302B0013AFB9 /* ViewController.swift */,
				10AB53222593302B0013AFB9 /* Main.storyboard */,
				10AB5325259330310013AFB9 /* Assets.xcassets */,
				10AB5327259330310013AFB9 /* LaunchScreen.storyboard */,
				10AB532A259330310013AFB9 /* Info.plist */,
			);
			path = DinDinnChallenge;
			sourceTree = "<group>";
		};
		10AB5332259330310013AFB9 /* DinDinnChallengeTests */ = {
			isa = PBXGroup;
			children = (
				10AB5333259330310013AFB9 /* DinDinnChallengeTests.swift */,
				10AB5335259330310013AFB9 /* Info.plist */,
			);
			path = DinDinnChallengeTests;
			sourceTree = "<group>";
		};
		10AB533D259330310013AFB9 /* DinDinnChallengeUITests */ = {
			isa = PBXGroup;
			children = (
				10AB533E259330310013AFB9 /* DinDinnChallengeUITests.swift */,
				10AB5340259330310013AFB9 /* Info.plist */,
			);
			path = DinDinnChallengeUITests;
			sourceTree = "<group>";
		};
/* End PBXGroup section */

/* Begin PBXNativeTarget section */
		10AB53182593302B0013AFB9 /* DinDinnChallenge */ = {
			isa = PBXNativeTarget;
			buildConfigurationList = 10AB5343259330310013AFB9 /* Build configuration list for PBXNativeTarget "DinDinnChallenge" */;
			buildPhases = (
				10AB53152593302B0013AFB9 /* Sources */,
				10AB53162593302B0013AFB9 /* Frameworks */,
				10AB53172593302B0013AFB9 /* Resources */,
			);
			buildRules = (
			);
			dependencies = (
			);
			name = DinDinnChallenge;
			productName = DinDinnChallenge;
			productReference = 10AB53192593302B0013AFB9 /* DinDinnChallenge.app */;
			productType = "com.apple.product-type.application";
		};
		10AB532E259330310013AFB9 /* DinDinnChallengeTests */ = {
			isa = PBXNativeTarget;
			buildConfigurationList = 10AB5346259330310013AFB9 /* Build configuration list for PBXNativeTarget "DinDinnChallengeTests" */;
			buildPhases = (
				10AB532B259330310013AFB9 /* Sources */,
				10AB532C259330310013AFB9 /* Frameworks */,
				10AB532D259330310013AFB9 /* Resources */,
			);
			buildRules = (
			);
			dependencies = (
				10AB5331259330310013AFB9 /* PBXTargetDependency */,
			);
			name = DinDinnChallengeTests;
			productName = DinDinnChallengeTests;
			productReference = 10AB532F259330310013AFB9 /* DinDinnChallengeTests.xctest */;
			productType = "com.apple.product-type.bundle.unit-test";
		};
		10AB5339259330310013AFB9 /* DinDinnChallengeUITests */ = {
			isa = PBXNativeTarget;
			buildConfigurationList = 10AB5349259330310013AFB9 /* Build configuration list for PBXNativeTarget "DinDinnChallengeUITests" */;
			buildPhases = (
				10AB5336259330310013AFB9 /* Sources */,
				10AB5337259330310013AFB9 /* Frameworks */,
				10AB5338259330310013AFB9 /* Resources */,
			);
			buildRules = (
			);
			dependencies = (
				10AB533C259330310013AFB9 /* PBXTargetDependency */,
			);
			name = DinDinnChallengeUITests;
			productName = DinDinnChallengeUITests;
			productReference = 10AB533A259330310013AFB9 /* DinDinnChallengeUITests.xctest */;
			productType = "com.apple.product-type.bundle.ui-testing";
		};
/* End PBXNativeTarget section */

/* Begin PBXProject section */
		10AB53112593302B0013AFB9 /* Project object */ = {
			isa = PBXProject;
			attributes = {
				LastSwiftUpdateCheck = 1150;
				LastUpgradeCheck = 1150;
				ORGANIZATIONNAME = "Saad Abdullah";
				TargetAttributes = {
					10AB53182593302B0013AFB9 = {
						CreatedOnToolsVersion = 11.5;
					};
					10AB532E259330310013AFB9 = {
						CreatedOnToolsVersion = 11.5;
						TestTargetID = 10AB53182593302B0013AFB9;
					};
					10AB5339259330310013AFB9 = {
						CreatedOnToolsVersion = 11.5;
						TestTargetID = 10AB53182593302B0013AFB9;
					};
				};
			};
			buildConfigurationList = 10AB53142593302B0013AFB9 /* Build configuration list for PBXProject "DinDinnChallenge" */;
			compatibilityVersion = "Xcode 9.3";
			developmentRegion = en;
			hasScannedForEncodings = 0;
			knownRegions = (
				en,
				Base,
			);
			mainGroup = 10AB53102593302B0013AFB9;
			productRefGroup = 10AB531A2593302B0013AFB9 /* Products */;
			projectDirPath = "";
			projectRoot = "";
			targets = (
				10AB53182593302B0013AFB9 /* DinDinnChallenge */,
				10AB532E259330310013AFB9 /* DinDinnChallengeTests */,
				10AB5339259330310013AFB9 /* DinDinnChallengeUITests */,
			);
		};
/* End PBXProject section */

/* Begin PBXResourcesBuildPhase section */
		10AB53172593302B0013AFB9 /* Resources */ = {
			isa = PBXResourcesBuildPhase;
			buildActionMask = 2147483647;
			files = (
				10AB5329259330310013AFB9 /* LaunchScreen.storyboard in Resources */,
				10AB5326259330310013AFB9 /* Assets.xcassets in Resources */,
				10AB53242593302B0013AFB9 /* Main.storyboard in Resources */,
			);
			runOnlyForDeploymentPostprocessing = 0;
		};
		10AB532D259330310013AFB9 /* Resources */ = {
			isa = PBXResourcesBuildPhase;
			buildActionMask = 2147483647;
			files = (
			);
			runOnlyForDeploymentPostprocessing = 0;
		};
		10AB5338259330310013AFB9 /* Resources */ = {
			isa = PBXResourcesBuildPhase;
			buildActionMask = 2147483647;
			files = (
			);
			runOnlyForDeploymentPostprocessing = 0;
		};
/* End PBXResourcesBuildPhase section */

/* Begin PBXSourcesBuildPhase section */
		10AB53152593302B0013AFB9 /* Sources */ = {
			isa = PBXSourcesBuildPhase;
			buildActionMask = 2147483647;
			files = (
				10AB53212593302B0013AFB9 /* ViewController.swift in Sources */,
				10AB531D2593302B0013AFB9 /* AppDelegate.swift in Sources */,
				10AB531F2593302B0013AFB9 /* SceneDelegate.swift in Sources */,
			);
			runOnlyForDeploymentPostprocessing = 0;
		};
		10AB532B259330310013AFB9 /* Sources */ = {
			isa = PBXSourcesBuildPhase;
			buildActionMask = 2147483647;
			files = (
				10AB5334259330310013AFB9 /* DinDinnChallengeTests.swift in Sources */,
			);
			runOnlyForDeploymentPostprocessing = 0;
		};
		10AB5336259330310013AFB9 /* Sources */ = {
			isa = PBXSourcesBuildPhase;
			buildActionMask = 2147483647;
			files = (
				10AB533F259330310013AFB9 /* DinDinnChallengeUITests.swift in Sources */,
			);
			runOnlyForDeploymentPostprocessing = 0;
		};
/* End PBXSourcesBuildPhase section */

/* Begin PBXTargetDependency section */
		10AB5331259330310013AFB9 /* PBXTargetDependency */ = {
			isa = PBXTargetDependency;
			target = 10AB53182593302B0013AFB9 /* DinDinnChallenge */;
			targetProxy = 10AB5330259330310013AFB9 /* PBXContainerItemProxy */;
		};
		10AB533C259330310013AFB9 /* PBXTargetDependency */ = {
			isa = PBXTargetDependency;
			target = 10AB53182593302B0013AFB9 /* DinDinnChallenge */;
			targetProxy = 10AB533B259330310013AFB9 /* PBXContainerItemProxy */;
		};
/* End PBXTargetDependency section */

/* Begin PBXVariantGroup section */
		10AB53222593302B0013AFB9 /* Main.storyboard */ = {
			isa = PBXVariantGroup;
			children = (
				10AB53232593302B0013AFB9 /* Base */,
			);
			name = Main.storyboard;
			sourceTree = "<group>";
		};
		10AB5327259330310013AFB9 /* LaunchScreen.storyboard */ = {
			isa = PBXVariantGroup;
			children = (
				10AB5328259330310013AFB9 /* Base */,
			);
			name = LaunchScreen.storyboard;
			sourceTree = "<group>";
		};
/* End PBXVariantGroup section */

/* Begin XCBuildConfiguration section */
		10AB5341259330310013AFB9 /* Debug */ = {
			isa = XCBuildConfiguration;
			buildSettings = {
				ALWAYS_SEARCH_USER_PATHS = NO;
				CLANG_ANALYZER_NONNULL = YES;
				CLANG_ANALYZER_NUMBER_OBJECT_CONVERSION = YES_AGGRESSIVE;
				CLANG_CXX_LANGUAGE_STANDARD = "gnu++14";
				CLANG_CXX_LIBRARY = "libc++";
				CLANG_ENABLE_MODULES = YES;
				CLANG_ENABLE_OBJC_ARC = YES;
				CLANG_ENABLE_OBJC_WEAK = YES;
				CLANG_WARN_BLOCK_CAPTURE_AUTORELEASING = YES;
				CLANG_WARN_BOOL_CONVERSION = YES;
				CLANG_WARN_COMMA = YES;
				CLANG_WARN_CONSTANT_CONVERSION = YES;
				CLANG_WARN_DEPRECATED_OBJC_IMPLEMENTATIONS = YES;
				CLANG_WARN_DIRECT_OBJC_ISA_USAGE = YES_ERROR;
				CLANG_WARN_DOCUMENTATION_COMMENTS = YES;
				CLANG_WARN_EMPTY_BODY = YES;
				CLANG_WARN_ENUM_CONVERSION = YES;
				CLANG_WARN_INFINITE_RECURSION = YES;
				CLANG_WARN_INT_CONVERSION = YES;
				CLANG_WARN_NON_LITERAL_NULL_CONVERSION = YES;
				CLANG_WARN_OBJC_IMPLICIT_RETAIN_SELF = YES;
				CLANG_WARN_OBJC_LITERAL_CONVERSION = YES;
				CLANG_WARN_OBJC_ROOT_CLASS = YES_ERROR;
				CLANG_WARN_RANGE_LOOP_ANALYSIS = YES;
				CLANG_WARN_STRICT_PROTOTYPES = YES;
				CLANG_WARN_SUSPICIOUS_MOVE = YES;
				CLANG_WARN_UNGUARDED_AVAILABILITY = YES_AGGRESSIVE;
				CLANG_WARN_UNREACHABLE_CODE = YES;
				CLANG_WARN__DUPLICATE_METHOD_MATCH = YES;
				COPY_PHASE_STRIP = NO;
				DEBUG_INFORMATION_FORMAT = dwarf;
				ENABLE_STRICT_OBJC_MSGSEND = YES;
				ENABLE_TESTABILITY = YES;
				GCC_C_LANGUAGE_STANDARD = gnu11;
				GCC_DYNAMIC_NO_PIC = NO;
				GCC_NO_COMMON_BLOCKS = YES;
				GCC_OPTIMIZATION_LEVEL = 0;
				GCC_PREPROCESSOR_DEFINITIONS = (
					"DEBUG=1",
					"$(inherited)",
				);
				GCC_WARN_64_TO_32_BIT_CONVERSION = YES;
				GCC_WARN_ABOUT_RETURN_TYPE = YES_ERROR;
				GCC_WARN_UNDECLARED_SELECTOR = YES;
				GCC_WARN_UNINITIALIZED_AUTOS = YES_AGGRESSIVE;
				GCC_WARN_UNUSED_FUNCTION = YES;
				GCC_WARN_UNUSED_VARIABLE = YES;
				IPHONEOS_DEPLOYMENT_TARGET = 13.5;
				MTL_ENABLE_DEBUG_INFO = INCLUDE_SOURCE;
				MTL_FAST_MATH = YES;
				ONLY_ACTIVE_ARCH = YES;
				SDKROOT = iphoneos;
				SWIFT_ACTIVE_COMPILATION_CONDITIONS = DEBUG;
				SWIFT_OPTIMIZATION_LEVEL = "-Onone";
			};
			name = Debug;
		};
		10AB5342259330310013AFB9 /* Release */ = {
			isa = XCBuildConfiguration;
			buildSettings = {
				ALWAYS_SEARCH_USER_PATHS = NO;
				CLANG_ANALYZER_NONNULL = YES;
				CLANG_ANALYZER_NUMBER_OBJECT_CONVERSION = YES_AGGRESSIVE;
				CLANG_CXX_LANGUAGE_STANDARD = "gnu++14";
				CLANG_CXX_LIBRARY = "libc++";
				CLANG_ENABLE_MODULES = YES;
				CLANG_ENABLE_OBJC_ARC = YES;
				CLANG_ENABLE_OBJC_WEAK = YES;
				CLANG_WARN_BLOCK_CAPTURE_AUTORELEASING = YES;
				CLANG_WARN_BOOL_CONVERSION = YES;
				CLANG_WARN_COMMA = YES;
				CLANG_WARN_CONSTANT_CONVERSION = YES;
				CLANG_WARN_DEPRECATED_OBJC_IMPLEMENTATIONS = YES;
				CLANG_WARN_DIRECT_OBJC_ISA_USAGE = YES_ERROR;
				CLANG_WARN_DOCUMENTATION_COMMENTS = YES;
				CLANG_WARN_EMPTY_BODY = YES;
				CLANG_WARN_ENUM_CONVERSION = YES;
				CLANG_WARN_INFINITE_RECURSION = YES;
				CLANG_WARN_INT_CONVERSION = YES;
				CLANG_WARN_NON_LITERAL_NULL_CONVERSION = YES;
				CLANG_WARN_OBJC_IMPLICIT_RETAIN_SELF = YES;
				CLANG_WARN_OBJC_LITERAL_CONVERSION = YES;
				CLANG_WARN_OBJC_ROOT_CLASS = YES_ERROR;
				CLANG_WARN_RANGE_LOOP_ANALYSIS = YES;
				CLANG_WARN_STRICT_PROTOTYPES = YES;
				CLANG_WARN_SUSPICIOUS_MOVE = YES;
				CLANG_WARN_UNGUARDED_AVAILABILITY = YES_AGGRESSIVE;
				CLANG_WARN_UNREACHABLE_CODE = YES;
				CLANG_WARN__DUPLICATE_METHOD_MATCH = YES;
				COPY_PHASE_STRIP = NO;
				DEBUG_INFORMATION_FORMAT = "dwarf-with-dsym";
				ENABLE_NS_ASSERTIONS = NO;
				ENABLE_STRICT_OBJC_MSGSEND = YES;
				GCC_C_LANGUAGE_STANDARD = gnu11;
				GCC_NO_COMMON_BLOCKS = YES;
				GCC_WARN_64_TO_32_BIT_CONVERSION = YES;
				GCC_WARN_ABOUT_RETURN_TYPE = YES_ERROR;
				GCC_WARN_UNDECLARED_SELECTOR = YES;
				GCC_WARN_UNINITIALIZED_AUTOS = YES_AGGRESSIVE;
				GCC_WARN_UNUSED_FUNCTION = YES;
				GCC_WARN_UNUSED_VARIABLE = YES;
				IPHONEOS_DEPLOYMENT_TARGET = 13.5;
				MTL_ENABLE_DEBUG_INFO = NO;
				MTL_FAST_MATH = YES;
				SDKROOT = iphoneos;
				SWIFT_COMPILATION_MODE = wholemodule;
				SWIFT_OPTIMIZATION_LEVEL = "-O";
				VALIDATE_PRODUCT = YES;
			};
			name = Release;
		};
		10AB5344259330310013AFB9 /* Debug */ = {
			isa = XCBuildConfiguration;
			buildSettings = {
				ASSETCATALOG_COMPILER_APPICON_NAME = AppIcon;
				CODE_SIGN_STYLE = Automatic;
				DEVELOPMENT_TEAM = VX8FX7AUQ4;
				INFOPLIST_FILE = DinDinnChallenge/Info.plist;
				LD_RUNPATH_SEARCH_PATHS = (
					"$(inherited)",
					"@executable_path/Frameworks",
				);
				PRODUCT_BUNDLE_IDENTIFIER = saadabdullah.DinDinnChallenge;
				PRODUCT_NAME = "$(TARGET_NAME)";
				SWIFT_VERSION = 5.0;
				TARGETED_DEVICE_FAMILY = "1,2";
			};
			name = Debug;
		};
		10AB5345259330310013AFB9 /* Release */ = {
			isa = XCBuildConfiguration;
			buildSettings = {
				ASSETCATALOG_COMPILER_APPICON_NAME = AppIcon;
				CODE_SIGN_STYLE = Automatic;
				DEVELOPMENT_TEAM = VX8FX7AUQ4;
				INFOPLIST_FILE = DinDinnChallenge/Info.plist;
				LD_RUNPATH_SEARCH_PATHS = (
					"$(inherited)",
					"@executable_path/Frameworks",
				);
				PRODUCT_BUNDLE_IDENTIFIER = saadabdullah.DinDinnChallenge;
				PRODUCT_NAME = "$(TARGET_NAME)";
				SWIFT_VERSION = 5.0;
				TARGETED_DEVICE_FAMILY = "1,2";
			};
			name = Release;
		};
		10AB5347259330310013AFB9 /* Debug */ = {
			isa = XCBuildConfiguration;
			buildSettings = {
				ALWAYS_EMBED_SWIFT_STANDARD_LIBRARIES = YES;
				BUNDLE_LOADER = "$(TEST_HOST)";
				CODE_SIGN_STYLE = Automatic;
				DEVELOPMENT_TEAM = VX8FX7AUQ4;
				INFOPLIST_FILE = DinDinnChallengeTests/Info.plist;
				IPHONEOS_DEPLOYMENT_TARGET = 13.5;
				LD_RUNPATH_SEARCH_PATHS = (
					"$(inherited)",
					"@executable_path/Frameworks",
					"@loader_path/Frameworks",
				);
				PRODUCT_BUNDLE_IDENTIFIER = saadabdullah.DinDinnChallengeTests;
				PRODUCT_NAME = "$(TARGET_NAME)";
				SWIFT_VERSION = 5.0;
				TARGETED_DEVICE_FAMILY = "1,2";
				TEST_HOST = "$(BUILT_PRODUCTS_DIR)/DinDinnChallenge.app/DinDinnChallenge";
			};
			name = Debug;
		};
		10AB5348259330310013AFB9 /* Release */ = {
			isa = XCBuildConfiguration;
			buildSettings = {
				ALWAYS_EMBED_SWIFT_STANDARD_LIBRARIES = YES;
				BUNDLE_LOADER = "$(TEST_HOST)";
				CODE_SIGN_STYLE = Automatic;
				DEVELOPMENT_TEAM = VX8FX7AUQ4;
				INFOPLIST_FILE = DinDinnChallengeTests/Info.plist;
				IPHONEOS_DEPLOYMENT_TARGET = 13.5;
				LD_RUNPATH_SEARCH_PATHS = (
					"$(inherited)",
					"@executable_path/Frameworks",
					"@loader_path/Frameworks",
				);
				PRODUCT_BUNDLE_IDENTIFIER = saadabdullah.DinDinnChallengeTests;
				PRODUCT_NAME = "$(TARGET_NAME)";
				SWIFT_VERSION = 5.0;
				TARGETED_DEVICE_FAMILY = "1,2";
				TEST_HOST = "$(BUILT_PRODUCTS_DIR)/DinDinnChallenge.app/DinDinnChallenge";
			};
			name = Release;
		};
		10AB534A259330310013AFB9 /* Debug */ = {
			isa = XCBuildConfiguration;
			buildSettings = {
				ALWAYS_EMBED_SWIFT_STANDARD_LIBRARIES = YES;
				CODE_SIGN_STYLE = Automatic;
				DEVELOPMENT_TEAM = VX8FX7AUQ4;
				INFOPLIST_FILE = DinDinnChallengeUITests/Info.plist;
				LD_RUNPATH_SEARCH_PATHS = (
					"$(inherited)",
					"@executable_path/Frameworks",
					"@loader_path/Frameworks",
				);
				PRODUCT_BUNDLE_IDENTIFIER = saadabdullah.DinDinnChallengeUITests;
				PRODUCT_NAME = "$(TARGET_NAME)";
				SWIFT_VERSION = 5.0;
				TARGETED_DEVICE_FAMILY = "1,2";
				TEST_TARGET_NAME = DinDinnChallenge;
			};
			name = Debug;
		};
		10AB534B259330310013AFB9 /* Release */ = {
			isa = XCBuildConfiguration;
			buildSettings = {
				ALWAYS_EMBED_SWIFT_STANDARD_LIBRARIES = YES;
				CODE_SIGN_STYLE = Automatic;
				DEVELOPMENT_TEAM = VX8FX7AUQ4;
				INFOPLIST_FILE = DinDinnChallengeUITests/Info.plist;
				LD_RUNPATH_SEARCH_PATHS = (
					"$(inherited)",
					"@executable_path/Frameworks",
					"@loader_path/Frameworks",
				);
				PRODUCT_BUNDLE_IDENTIFIER = saadabdullah.DinDinnChallengeUITests;
				PRODUCT_NAME = "$(TARGET_NAME)";
				SWIFT_VERSION = 5.0;
				TARGETED_DEVICE_FAMILY = "1,2";
				TEST_TARGET_NAME = DinDinnChallenge;
			};
			name = Release;
		};
/* End XCBuildConfiguration section */

/* Begin XCConfigurationList section */
		10AB53142593302B0013AFB9 /* Build configuration list for PBXProject "DinDinnChallenge" */ = {
			isa = XCConfigurationList;
			buildConfigurations = (
				10AB5341259330310013AFB9 /* Debug */,
				10AB5342259330310013AFB9 /* Release */,
			);
			defaultConfigurationIsVisible = 0;
			defaultConfigurationName = Release;
		};
		10AB5343259330310013AFB9 /* Build configuration list for PBXNativeTarget "DinDinnChallenge" */ = {
			isa = XCConfigurationList;
			buildConfigurations = (
				10AB5344259330310013AFB9 /* Debug */,
				10AB5345259330310013AFB9 /* Release */,
			);
			defaultConfigurationIsVisible = 0;
			defaultConfigurationName = Release;
		};
		10AB5346259330310013AFB9 /* Build configuration list for PBXNativeTarget "DinDinnChallengeTests" */ = {
			isa = XCConfigurationList;
			buildConfigurations = (
				10AB5347259330310013AFB9 /* Debug */,
				10AB5348259330310013AFB9 /* Release */,
			);
			defaultConfigurationIsVisible = 0;
			defaultConfigurationName = Release;
		};
		10AB5349259330310013AFB9 /* Build configuration list for PBXNativeTarget "DinDinnChallengeUITests" */ = {
			isa = XCConfigurationList;
			buildConfigurations = (
				10AB534A259330310013AFB9 /* Debug */,
				10AB534B259330310013AFB9 /* Release */,
			);
			defaultConfigurationIsVisible = 0;
			defaultConfigurationName = Release;
		};
/* End XCConfigurationList section */
	};
	rootObject = 10AB53112593302B0013AFB9 /* Project object */;
}
